<?xml version="1.0" encoding="utf-8"?>
<Project ToolsVersion="4.0" xmlns="http://schemas.microsoft.com/developer/msbuild/2003">
  <ItemGroup>
    <Filter Include="tests">
      <UniqueIdentifier>{361bef78-d5e1-4b36-a68f-8a6bcd036fd8}</UniqueIdentifier>
    </Filter>
    <Filter Include="src">
      <UniqueIdentifier>{6e713117-e87e-4ec7-b604-acc89651f4e3}</UniqueIdentifier>
    </Filter>
  </ItemGroup>
  <ItemGroup>
    <None Include="packages.config" />
  </ItemGroup>
  <ItemGroup>
    <ClInclude Include="..\..\src\Bitboard.h">
      <Filter>src</Filter>
    </ClInclude>
    <ClInclude Include="..\..\src\config.h">
      <Filter>src</Filter>
    </ClInclude>
    <ClInclude Include="..\..\src\Im2Col.h">
      <Filter>src</Filter>
    </ClInclude>
    <ClInclude Include="..\..\src\Misc.h">
      <Filter>src</Filter>
    </ClInclude>
    <ClInclude Include="..\..\src\Movegen.h">
      <Filter>src</Filter>
    </ClInclude>
    <ClInclude Include="..\..\src\Network.h">
      <Filter>src</Filter>
    </ClInclude>
    <ClInclude Include="..\..\src\NNCache.h">
      <Filter>src</Filter>
    </ClInclude>
    <ClInclude Include="..\..\src\OpenCL.h">
      <Filter>src</Filter>
    </ClInclude>
    <ClInclude Include="..\..\src\OpenCLScheduler.h">
      <Filter>src</Filter>
    </ClInclude>
    <ClInclude Include="..\..\src\Parameters.h">
      <Filter>src</Filter>
    </ClInclude>
    <ClInclude Include="..\..\src\pgn.h">
      <Filter>src</Filter>
    </ClInclude>
    <ClInclude Include="..\..\src\Position.h">
      <Filter>src</Filter>
    </ClInclude>
    <ClInclude Include="..\..\src\Random.h">
      <Filter>src</Filter>
    </ClInclude>
    <ClInclude Include="..\..\src\SMP.h">
      <Filter>src</Filter>
    </ClInclude>
    <ClInclude Include="..\..\src\ThreadPool.h">
      <Filter>src</Filter>
    </ClInclude>
    <ClInclude Include="..\..\src\TimeMan.h">
      <Filter>src</Filter>
    </ClInclude>
    <ClInclude Include="..\..\src\Timing.h">
      <Filter>src</Filter>
    </ClInclude>
    <ClInclude Include="..\..\src\Training.h">
      <Filter>src</Filter>
    </ClInclude>
    <ClInclude Include="..\..\src\Tuner.h">
      <Filter>src</Filter>
    </ClInclude>
    <ClInclude Include="..\..\src\Types.h">
      <Filter>src</Filter>
    </ClInclude>
    <ClInclude Include="..\..\src\UCI.h">
      <Filter>src</Filter>
    </ClInclude>
    <ClInclude Include="..\..\src\UCTNode.h">
      <Filter>src</Filter>
    </ClInclude>
    <ClInclude Include="..\..\src\UCTSearch.h">
      <Filter>src</Filter>
    </ClInclude>
    <ClInclude Include="..\..\src\Utils.h">
      <Filter>src</Filter>
    </ClInclude>
  </ItemGroup>
  <ItemGroup>
    <ClCompile Include="..\..\src\Bitboard.cpp">
      <Filter>src</Filter>
    </ClCompile>
    <ClCompile Include="..\..\src\Movegen.cpp">
      <Filter>src</Filter>
    </ClCompile>
    <ClCompile Include="..\..\src\Network.cpp">
      <Filter>src</Filter>
    </ClCompile>
    <ClCompile Include="..\..\src\NNCache.cpp">
      <Filter>src</Filter>
    </ClCompile>
    <ClCompile Include="..\..\src\OpenCL.cpp">
      <Filter>src</Filter>
    </ClCompile>
    <ClCompile Include="..\..\src\OpenCLScheduler.cpp">
      <Filter>src</Filter>
    </ClCompile>
    <ClCompile Include="..\..\src\Parameters.cpp">
      <Filter>src</Filter>
    </ClCompile>
    <ClCompile Include="..\..\src\pgn.cpp">
      <Filter>src</Filter>
    </ClCompile>
    <ClCompile Include="..\..\src\Position.cpp">
      <Filter>src</Filter>
    </ClCompile>
    <ClCompile Include="..\..\src\Random.cpp">
      <Filter>src</Filter>
    </ClCompile>
    <ClCompile Include="..\..\src\SMP.cpp">
      <Filter>src</Filter>
    </ClCompile>
    <ClCompile Include="..\..\src\TimeMan.cpp">
      <Filter>src</Filter>
    </ClCompile>
    <ClCompile Include="..\..\src\Timing.cpp">
      <Filter>src</Filter>
    </ClCompile>
    <ClCompile Include="..\..\src\Training.cpp">
      <Filter>src</Filter>
    </ClCompile>
    <ClCompile Include="..\..\src\Tuner.cpp">
      <Filter>src</Filter>
    </ClCompile>
    <ClCompile Include="..\..\src\UCI.cpp">
      <Filter>src</Filter>
    </ClCompile>
    <ClCompile Include="..\..\src\UCIOption.cpp">
      <Filter>src</Filter>
    </ClCompile>
    <ClCompile Include="..\..\src\UCTNode.cpp">
      <Filter>src</Filter>
    </ClCompile>
    <ClCompile Include="..\..\src\UCTSearch.cpp">
      <Filter>src</Filter>
    </ClCompile>
    <ClCompile Include="..\..\src\Utils.cpp">
      <Filter>src</Filter>
    </ClCompile>
    <ClCompile Include="..\..\src\tests\network_test.cpp">
      <Filter>tests</Filter>
    </ClCompile>
    <ClCompile Include="..\..\src\tests\perf_test.cpp">
      <Filter>tests</Filter>
    </ClCompile>
    <ClCompile Include="..\..\src\tests\position_test.cpp">
      <Filter>tests</Filter>
    </ClCompile>
    <ClCompile Include="..\..\src\tests\random_test.cpp">
      <Filter>tests</Filter>
    </ClCompile>
    <ClCompile Include="tests_main.cpp" />
  </ItemGroup>
</Project>