<?xml version="1.0" encoding="utf-8"?>
<Project ToolsVersion="4.0" xmlns="http://schemas.microsoft.com/developer/msbuild/2003">
  <ItemGroup>
    <ClCompile Include="..\..\src\Bitboard.cpp" />
    <ClCompile Include="..\..\src\main.cpp" />
    <ClCompile Include="..\..\src\Movegen.cpp" />
    <ClCompile Include="..\..\src\Network.cpp" />
    <ClCompile Include="..\..\src\NNCache.cpp" />
    <ClCompile Include="..\..\src\OpenCL.cpp" />
    <ClCompile Include="..\..\src\OpenCLScheduler.cpp" />
    <ClCompile Include="..\..\src\Parameters.cpp" />
    <ClCompile Include="..\..\src\Position.cpp" />
    <ClCompile Include="..\..\src\Random.cpp" />
    <ClCompile Include="..\..\src\SMP.cpp" />
    <ClCompile Include="..\..\src\TimeMan.cpp" />
    <ClCompile Include="..\..\src\Timing.cpp" />
    <ClCompile Include="..\..\src\Training.cpp" />
    <ClCompile Include="..\..\src\Tuner.cpp" />
    <ClCompile Include="..\..\src\UCI.cpp" />
    <ClCompile Include="..\..\src\UCIOption.cpp" />
    <ClCompile Include="..\..\src\UCTNode.cpp" />
    <ClCompile Include="..\..\src\UCTSearch.cpp" />
    <ClCompile Include="..\..\src\Utils.cpp" />
    <ClCompile Include="..\..\src\pgn.cpp" />
    <ClCompile Include="..\..\src\syzygy\tbprobe.cpp" />
  </ItemGroup>
  <ItemGroup>
    <ClInclude Include="..\..\src\Bitboard.h">
      <Filter>Headers</Filter>
    </ClInclude>
    <ClInclude Include="..\..\src\config.h">
      <Filter>Headers</Filter>
    </ClInclude>
    <ClInclude Include="..\..\src\Im2Col.h">
      <Filter>Headers</Filter>
    </ClInclude>
    <ClInclude Include="..\..\src\Misc.h">
      <Filter>Headers</Filter>
    </ClInclude>
    <ClInclude Include="..\..\src\Movegen.h">
      <Filter>Headers</Filter>
    </ClInclude>
    <ClInclude Include="..\..\src\Network.h">
      <Filter>Headers</Filter>
    </ClInclude>
    <ClInclude Include="..\..\src\NNCache.h">
      <Filter>Headers</Filter>
    </ClInclude>
    <ClInclude Include="..\..\src\OpenCL.h">
      <Filter>Headers</Filter>
    </ClInclude>
    <ClInclude Include="..\..\src\OpenCLScheduler.h">
      <Filter>Headers</Filter>
    </ClInclude>
    <ClInclude Include="..\..\src\Parameters.h">
      <Filter>Headers</Filter>
    </ClInclude>
    <ClInclude Include="..\..\src\pgn.h">
      <Filter>Headers</Filter>
    </ClInclude>
    <ClInclude Include="..\..\src\Position.h">
      <Filter>Headers</Filter>
    </ClInclude>
    <ClInclude Include="..\..\src\Random.h">
      <Filter>Headers</Filter>
    </ClInclude>
    <ClInclude Include="..\..\src\SMP.h">
      <Filter>Headers</Filter>
    </ClInclude>
    <ClInclude Include="..\..\src\ThreadPool.h">
      <Filter>Headers</Filter>
    </ClInclude>
    <ClInclude Include="..\..\src\TimeMan.h">
      <Filter>Headers</Filter>
    </ClInclude>
    <ClInclude Include="..\..\src\Timing.h">
      <Filter>Headers</Filter>
    </ClInclude>
    <ClInclude Include="..\..\src\Training.h">
      <Filter>Headers</Filter>
    </ClInclude>
    <ClInclude Include="..\..\src\Tuner.h">
      <Filter>Headers</Filter>
    </ClInclude>
    <ClInclude Include="..\..\src\Types.h">
      <Filter>Headers</Filter>
    </ClInclude>
    <ClInclude Include="..\..\src\UCI.h">
      <Filter>Headers</Filter>
    </ClInclude>
    <ClInclude Include="..\..\src\UCTNode.h">
      <Filter>Headers</Filter>
    </ClInclude>
    <ClInclude Include="..\..\src\UCTSearch.h">
      <Filter>Headers</Filter>
    </ClInclude>
    <ClInclude Include="..\..\src\Utils.h">
      <Filter>Headers</Filter>
    </ClInclude>
    <ClInclude Include="..\..\src\syzygy\tbprobe.h">
      <Filter>Headers</Filter>
    </ClInclude>
    <ClInclude Include="..\..\src\thread_win32.h">
      <Filter>Headers</Filter>
    </ClInclude>
  </ItemGroup>
  <ItemGroup>
    <Filter Include="Headers">
      <UniqueIdentifier>{ac36f1cd-dd22-417b-94cf-57cb8af7a501}</UniqueIdentifier>
    </Filter>
  </ItemGroup>
</Project>